
Microsoft Visual Studio Solution File, Format Version 12.00
# Visual Studio Version 16
VisualStudioVersion = 16.0.29709.97
MinimumVisualStudioVersion = 10.0.40219.1
Project("{9A19103F-16F7-4668-BE54-9A1E7A4F7556}") = "POSH-Toolbelt", "POSH-Toolbelt.csproj", "{4F8C1C7E-6206-4D70-B2FB-5EA46103962E}"
EndProject
Global
	GlobalSection(SolutionConfigurationPlatforms) = preSolution
		Debug|Any CPU = Debug|Any CPU
		Debug|x64 = Debug|x64
		Release|Any CPU = Release|Any CPU
		Release|x64 = Release|x64
	EndGlobalSection
	GlobalSection(ProjectConfigurationPlatforms) = postSolution
		{4F8C1C7E-6206-4D70-B2FB-5EA46103962E}.Debug|Any CPU.ActiveCfg = Debug|Any CPU
		{4F8C1C7E-6206-4D70-B2FB-5EA46103962E}.Debug|Any CPU.Build.0 = Debug|Any CPU
		{4F8C1C7E-6206-4D70-B2FB-5EA46103962E}.Debug|x64.ActiveCfg = Debug|x64
		{4F8C1C7E-6206-4D70-B2FB-5EA46103962E}.Debug|x64.Build.0 = Debug|x64
		{4F8C1C7E-6206-4D70-B2FB-5EA46103962E}.Release|Any CPU.ActiveCfg = Release|Any CPU
		{4F8C1C7E-6206-4D70-B2FB-5EA46103962E}.Release|Any CPU.Build.0 = Release|Any CPU
		{4F8C1C7E-6206-4D70-B2FB-5EA46103962E}.Release|x64.ActiveCfg = Release|x64
		{4F8C1C7E-6206-4D70-B2FB-5EA46103962E}.Release|x64.Build.0 = Release|x64
	EndGlobalSection
	GlobalSection(SolutionProperties) = preSolution
		HideSolutionNode = FALSE
	EndGlobalSection
	GlobalSection(ExtensibilityGlobals) = postSolution
		SolutionGuid = {3BF81467-C399-4F2A-9984-5073A8C46CB2}
	EndGlobalSection
EndGlobal
